
Microsoft Visual Studio Solution File, Format Version 12.00
# Visual Studio 2013
VisualStudioVersion = 12.0.21005.1
MinimumVisualStudioVersion = 10.0.40219.1
Project("{8BC9CEB8-8B4A-11D0-8D11-00A0C91BC942}") = "Esercizio3.24_trim", "Esercizio3.24_trim.vcxproj", "{72254EF5-B3D6-40A4-8DC2-25A2890C0613}"
EndProject
Global
	GlobalSection(SolutionConfigurationPlatforms) = preSolution
		Debug|Win32 = Debug|Win32
		Release|Win32 = Release|Win32
	EndGlobalSection
	GlobalSection(ProjectConfigurationPlatforms) = postSolution
		{72254EF5-B3D6-40A4-8DC2-25A2890C0613}.Debug|Win32.ActiveCfg = Debug|Win32
		{72254EF5-B3D6-40A4-8DC2-25A2890C0613}.Debug|Win32.Build.0 = Debug|Win32
		{72254EF5-B3D6-40A4-8DC2-25A2890C0613}.Release|Win32.ActiveCfg = Release|Win32
		{72254EF5-B3D6-40A4-8DC2-25A2890C0613}.Release|Win32.Build.0 = Release|Win32
	EndGlobalSection
	GlobalSection(SolutionProperties) = preSolution
		HideSolutionNode = FALSE
	EndGlobalSection
EndGlobal
