
Microsoft Visual Studio Solution File, Format Version 12.00
# Visual Studio 2013
VisualStudioVersion = 12.0.21005.1
MinimumVisualStudioVersion = 10.0.40219.1
Project("{8BC9CEB8-8B4A-11D0-8D11-00A0C91BC942}") = "Esercizio2_ln", "Esercizio2_ln.vcxproj", "{210917B4-8D52-4FD6-9F7C-F9D5C07DC323}"
EndProject
Global
	GlobalSection(SolutionConfigurationPlatforms) = preSolution
		Debug|Win32 = Debug|Win32
		Release|Win32 = Release|Win32
	EndGlobalSection
	GlobalSection(ProjectConfigurationPlatforms) = postSolution
		{210917B4-8D52-4FD6-9F7C-F9D5C07DC323}.Debug|Win32.ActiveCfg = Debug|Win32
		{210917B4-8D52-4FD6-9F7C-F9D5C07DC323}.Debug|Win32.Build.0 = Debug|Win32
		{210917B4-8D52-4FD6-9F7C-F9D5C07DC323}.Release|Win32.ActiveCfg = Release|Win32
		{210917B4-8D52-4FD6-9F7C-F9D5C07DC323}.Release|Win32.Build.0 = Release|Win32
	EndGlobalSection
	GlobalSection(SolutionProperties) = preSolution
		HideSolutionNode = FALSE
	EndGlobalSection
EndGlobal
